Microsoft Visual Studio Solution File, Format Version 12.00
# Visual Studio Version 17
VisualStudioVersion = 17.0.31903.59
MinimumVisualStudioVersion = 10.0.40219.1
Project("{9A19103F-16F7-4668-BE54-9A1E7A4F7556}") = "EmailCode.Core", "EmailCode.Core\EmailCode.Core.csproj", "{148C053C-9CC4-49EF-B20F-3972A567F4D6}"
EndProject
Project("{9A19103F-16F7-4668-BE54-9A1E7A4F7556}") = "EmailCode.Infrastructure", "EmailCode.Infrastructure\EmailCode.Infrastructure.csproj", "{72BD9E53-054C-4F52-91BB-112137B76505}"
EndProject
Project("{9A19103F-16F7-4668-BE54-9A1E7A4F7556}") = "EmailCode.Desktop", "EmailCode.Desktop\EmailCode.Desktop.csproj", "{C0603358-9363-423A-9303-B502BBE3993A}"
EndProject
Project("{9A19103F-16F7-4668-BE54-9A1E7A4F7556}") = "EmailCode.Tests", "EmailCode.Tests\EmailCode.Tests.csproj", "{05642DB5-B0E1-4971-B247-3184044BAFBD}"
EndProject
Global
    GlobalSection(SolutionConfigurationPlatforms) = preSolution
        Debug|Any CPU = Debug|Any CPU
        Release|Any CPU = Release|Any CPU
    EndGlobalSection
    GlobalSection(ProjectConfigurationPlatforms) = postSolution
        {148C053C-9CC4-49EF-B20F-3972A567F4D6}.Debug|Any CPU.ActiveCfg = Debug|Any CPU
        {148C053C-9CC4-49EF-B20F-3972A567F4D6}.Debug|Any CPU.Build.0 = Debug|Any CPU
        {148C053C-9CC4-49EF-B20F-3972A567F4D6}.Release|Any CPU.ActiveCfg = Release|Any CPU
        {148C053C-9CC4-49EF-B20F-3972A567F4D6}.Release|Any CPU.Build.0 = Release|Any CPU
        {72BD9E53-054C-4F52-91BB-112137B76505}.Debug|Any CPU.ActiveCfg = Debug|Any CPU
        {72BD9E53-054C-4F52-91BB-112137B76505}.Debug|Any CPU.Build.0 = Debug|Any CPU
        {72BD9E53-054C-4F52-91BB-112137B76505}.Release|Any CPU.ActiveCfg = Release|Any CPU
        {72BD9E53-054C-4F52-91BB-112137B76505}.Release|Any CPU.Build.0 = Release|Any CPU
        {C0603358-9363-423A-9303-B502BBE3993A}.Debug|Any CPU.ActiveCfg = Debug|Any CPU
        {C0603358-9363-423A-9303-B502BBE3993A}.Debug|Any CPU.Build.0 = Debug|Any CPU
        {C0603358-9363-423A-9303-B502BBE3993A}.Release|Any CPU.ActiveCfg = Release|Any CPU
        {C0603358-9363-423A-9303-B502BBE3993A}.Release|Any CPU.Build.0 = Release|Any CPU
        {05642DB5-B0E1-4971-B247-3184044BAFBD}.Debug|Any CPU.ActiveCfg = Debug|Any CPU
        {05642DB5-B0E1-4971-B247-3184044BAFBD}.Debug|Any CPU.Build.0 = Debug|Any CPU
        {05642DB5-B0E1-4971-B247-3184044BAFBD}.Release|Any CPU.ActiveCfg = Release|Any CPU
        {05642DB5-B0E1-4971-B247-3184044BAFBD}.Release|Any CPU.Build.0 = Release|Any CPU
    EndGlobalSection
EndGlobal
